{
  "markbot": "e38e33fdc9c00199144f02bcb28009d01befad57a056d36ee962c4529d6e7220",
  "index-320.png": "489cb5d2bde205b1356fb19da5ede1746a838f7db8812d04f98767c07589430d",
  "index-400.png": "803a9773674240adb70b3a750945bf8e310ccbe64bd05bed15fef4bccefc0acb",
  "index-608.png": "cda0d643037b753ccff6c3596fa32284da240632a409a6761050afe945a1fa52",
  "index-960.png": "3a2b807f4903172c938be50492ffe01f7259af0c991faa4ed3eeb2c242091cb9",
  "index-1440.png": "1fff4bbca72796ffbe614f8befefa86f6e5532bcfb5a3d4c975b48290626f5fa"
}